
Microsoft Visual Studio Solution File, Format Version 12.00
# Visual Studio Version 17
VisualStudioVersion = 17.4.33110.190
MinimumVisualStudioVersion = 10.0.40219.1
Project("{FAE04EC0-301F-11D3-BF4B-00C04F79EFBC}") = "zadanie 5.5", "zadanie 5.5\zadanie 5.5.csproj", "{31B55EA5-AC7B-44F2-876B-51D4BE62EC03}"
EndProject
Global
	GlobalSection(SolutionConfigurationPlatforms) = preSolution
		Debug|Any CPU = Debug|Any CPU
		Release|Any CPU = Release|Any CPU
	EndGlobalSection
	GlobalSection(ProjectConfigurationPlatforms) = postSolution
		{31B55EA5-AC7B-44F2-876B-51D4BE62EC03}.Debug|Any CPU.ActiveCfg = Debug|Any CPU
		{31B55EA5-AC7B-44F2-876B-51D4BE62EC03}.Debug|Any CPU.Build.0 = Debug|Any CPU
		{31B55EA5-AC7B-44F2-876B-51D4BE62EC03}.Release|Any CPU.ActiveCfg = Release|Any CPU
		{31B55EA5-AC7B-44F2-876B-51D4BE62EC03}.Release|Any CPU.Build.0 = Release|Any CPU
	EndGlobalSection
	GlobalSection(SolutionProperties) = preSolution
		HideSolutionNode = FALSE
	EndGlobalSection
	GlobalSection(ExtensibilityGlobals) = postSolution
		SolutionGuid = {8E0418BF-B938-4FF0-BFD1-72E7BBDDBA5F}
	EndGlobalSection
EndGlobal
