
Microsoft Visual Studio Solution File, Format Version 12.00
# Visual Studio Version 17
VisualStudioVersion = 17.4.33110.190
MinimumVisualStudioVersion = 10.0.40219.1
Project("{FAE04EC0-301F-11D3-BF4B-00C04F79EFBC}") = "zadanie 3.4", "zadanie 3.4\zadanie 3.4.csproj", "{F2D3E582-F99F-47F7-A5B7-E3AE2EAFB0E9}"
EndProject
Global
	GlobalSection(SolutionConfigurationPlatforms) = preSolution
		Debug|Any CPU = Debug|Any CPU
		Release|Any CPU = Release|Any CPU
	EndGlobalSection
	GlobalSection(ProjectConfigurationPlatforms) = postSolution
		{F2D3E582-F99F-47F7-A5B7-E3AE2EAFB0E9}.Debug|Any CPU.ActiveCfg = Debug|Any CPU
		{F2D3E582-F99F-47F7-A5B7-E3AE2EAFB0E9}.Debug|Any CPU.Build.0 = Debug|Any CPU
		{F2D3E582-F99F-47F7-A5B7-E3AE2EAFB0E9}.Release|Any CPU.ActiveCfg = Release|Any CPU
		{F2D3E582-F99F-47F7-A5B7-E3AE2EAFB0E9}.Release|Any CPU.Build.0 = Release|Any CPU
	EndGlobalSection
	GlobalSection(SolutionProperties) = preSolution
		HideSolutionNode = FALSE
	EndGlobalSection
	GlobalSection(ExtensibilityGlobals) = postSolution
		SolutionGuid = {1A5FE7D4-288C-477E-86CC-8E778C11E483}
	EndGlobalSection
EndGlobal
