
Microsoft Visual Studio Solution File, Format Version 12.00
# Visual Studio Version 17
VisualStudioVersion = 17.4.33110.190
MinimumVisualStudioVersion = 10.0.40219.1
Project("{FAE04EC0-301F-11D3-BF4B-00C04F79EFBC}") = "zadanie 4.2", "zadanie 4.2\zadanie 4.2.csproj", "{C1EB0863-6A64-4CCD-B884-671A043B462D}"
EndProject
Global
	GlobalSection(SolutionConfigurationPlatforms) = preSolution
		Debug|Any CPU = Debug|Any CPU
		Release|Any CPU = Release|Any CPU
	EndGlobalSection
	GlobalSection(ProjectConfigurationPlatforms) = postSolution
		{C1EB0863-6A64-4CCD-B884-671A043B462D}.Debug|Any CPU.ActiveCfg = Debug|Any CPU
		{C1EB0863-6A64-4CCD-B884-671A043B462D}.Debug|Any CPU.Build.0 = Debug|Any CPU
		{C1EB0863-6A64-4CCD-B884-671A043B462D}.Release|Any CPU.ActiveCfg = Release|Any CPU
		{C1EB0863-6A64-4CCD-B884-671A043B462D}.Release|Any CPU.Build.0 = Release|Any CPU
	EndGlobalSection
	GlobalSection(SolutionProperties) = preSolution
		HideSolutionNode = FALSE
	EndGlobalSection
	GlobalSection(ExtensibilityGlobals) = postSolution
		SolutionGuid = {A0634963-A594-4F0A-B5E2-4353183D8FAD}
	EndGlobalSection
EndGlobal
