
Microsoft Visual Studio Solution File, Format Version 12.00
# Visual Studio Version 17
VisualStudioVersion = 17.4.33110.190
MinimumVisualStudioVersion = 10.0.40219.1
Project("{FAE04EC0-301F-11D3-BF4B-00C04F79EFBC}") = "zadanie 5.3", "zadanie 5.3\zadanie 5.3.csproj", "{A8C36587-FF9E-4D25-8CAE-4A40FFB336F0}"
EndProject
Global
	GlobalSection(SolutionConfigurationPlatforms) = preSolution
		Debug|Any CPU = Debug|Any CPU
		Release|Any CPU = Release|Any CPU
	EndGlobalSection
	GlobalSection(ProjectConfigurationPlatforms) = postSolution
		{A8C36587-FF9E-4D25-8CAE-4A40FFB336F0}.Debug|Any CPU.ActiveCfg = Debug|Any CPU
		{A8C36587-FF9E-4D25-8CAE-4A40FFB336F0}.Debug|Any CPU.Build.0 = Debug|Any CPU
		{A8C36587-FF9E-4D25-8CAE-4A40FFB336F0}.Release|Any CPU.ActiveCfg = Release|Any CPU
		{A8C36587-FF9E-4D25-8CAE-4A40FFB336F0}.Release|Any CPU.Build.0 = Release|Any CPU
	EndGlobalSection
	GlobalSection(SolutionProperties) = preSolution
		HideSolutionNode = FALSE
	EndGlobalSection
	GlobalSection(ExtensibilityGlobals) = postSolution
		SolutionGuid = {8299DE0D-5EBC-4909-AF59-C92D70FF1F18}
	EndGlobalSection
EndGlobal
